{
    "_readme": [
        "This file locks the dependencies of your project to a known state",
        "Read more about it at https://getcomposer.org/doc/01-basic-usage.md#composer-lock-the-lock-file",
        "This file is @generated automatically"
    ],
    "content-hash": "78805cb8475dfba473b4cc107a46375c",
    "packages": [],
    "packages-dev": [
        {
            "name": "behat/behat",
            "version": "v3.3.1",
            "source": {
                "type": "git",
                "url": "https://github.com/Behat/Behat.git",
                "reference": "44a58c1480d6144b2dc2c2bf02b9cef73c83840d"
            },
            "dist": {
                "type": "zip",
                "url": "https://api.github.com/repos/Behat/Behat/zipball/44a58c1480d6144b2dc2c2bf02b9cef73c83840d",
                "reference": "44a58c1480d6144b2dc2c2bf02b9cef73c83840d",
                "shasum": ""
            },
            "require": {
                "behat/gherkin": "^4.4.4",
                "behat/transliterator": "^1.2",
                "container-interop/container-interop": "^1.1",
                "ext-mbstring": "*",
                "php": ">=5.3.3",
                "symfony/class-loader": "~2.1||~3.0",
                "symfony/config": "~2.3||~3.0",
                "symfony/console": "~2.5||~3.0",
                "symfony/dependency-injection": "~2.1||~3.0",
                "symfony/event-dispatcher": "~2.1||~3.0",
                "symfony/translation": "~2.3||~3.0",
                "symfony/yaml": "~2.1||~3.0"
            },
            "require-dev": {
                "herrera-io/box": "~1.6.1",
                "phpunit/phpunit": "~4.5",
                "symfony/process": "~2.5|~3.0"
            },
            "suggest": {
                "behat/mink-extension": "for integration with Mink testing framework",
                "behat/symfony2-extension": "for integration with Symfony2 web framework",
                "behat/yii-extension": "for integration with Yii web framework"
            },
            "bin": [
                "bin/behat"
            ],
            "type": "library",
            "extra": {
                "branch-alias": {
                    "dev-master": "3.2.x-dev"
                }
            },
            "autoload": {
                "psr-0": {
                    "Behat\\Behat": "src/",
                    "Behat\\Testwork": "src/"
                }
            },
            "notification-url": "https://packagist.org/downloads/",
            "license": [
                "MIT"
            ],
            "authors": [
                {
                    "name": "Konstantin Kudryashov",
                    "email": "ever.zet@gmail.com",
                    "homepage": "http://everzet.com"
                }
            ],
            "description": "Scenario-oriented BDD framework for PHP 5.3",
            "homepage": "http://behat.org/",
            "keywords": [
                "Agile",
                "BDD",
                "ScenarioBDD",
                "Scrum",
                "StoryBDD",
                "User story",
                "business",
                "development",
                "documentation",
                "examples",
                "symfony",
                "testing"
            ],
            "time": "2017-05-15T16:49:16+00:00"
        },
        {
            "name": "behat/gherkin",
            "version": "v4.4.5",
            "source": {
                "type": "git",
                "url": "https://github.com/Behat/Gherkin.git",
                "reference": "5c14cff4f955b17d20d088dec1bde61c0539ec74"
            },
            "dist": {
                "type": "zip",
                "url": "https://api.github.com/repos/Behat/Gherkin/zipball/5c14cff4f955b17d20d088dec1bde61c0539ec74",
                "reference": "5c14cff4f955b17d20d088dec1bde61c0539ec74",
                "shasum": ""
            },
            "require": {
                "php": ">=5.3.1"
            },
            "require-dev": {
                "phpunit/phpunit": "~4.5|~5",
                "symfony/phpunit-bridge": "~2.7|~3",
                "symfony/yaml": "~2.3|~3"
            },
            "suggest": {
                "symfony/yaml": "If you want to parse features, represented in YAML files"
            },
            "type": "library",
            "extra": {
                "branch-alias": {
                    "dev-master": "4.4-dev"
                }
            },
            "autoload": {
                "psr-0": {
                    "Behat\\Gherkin": "src/"
                }
            },
            "notification-url": "https://packagist.org/downloads/",
            "license": [
                "MIT"
            ],
            "authors": [
                {
                    "name": "Konstantin Kudryashov",
                    "email": "ever.zet@gmail.com",
                    "homepage": "http://everzet.com"
                }
            ],
            "description": "Gherkin DSL parser for PHP 5.3",
            "homepage": "http://behat.org/",
            "keywords": [
                "BDD",
                "Behat",
                "Cucumber",
                "DSL",
                "gherkin",
                "parser"
            ],
            "time": "2016-10-30T11:50:56+00:00"
        },
        {
            "name": "behat/transliterator",
            "version": "v1.2.0",
            "source": {
                "type": "git",
                "url": "https://github.com/Behat/Transliterator.git",
                "reference": "826ce7e9c2a6664c0d1f381cbb38b1fb80a7ee2c"
            },
            "dist": {
                "type": "zip",
                "url": "https://api.github.com/repos/Behat/Transliterator/zipball/826ce7e9c2a6664c0d1f381cbb38b1fb80a7ee2c",
                "reference": "826ce7e9c2a6664c0d1f381cbb38b1fb80a7ee2c",
                "shasum": ""
            },
            "require": {
                "php": ">=5.3.3"
            },
            "require-dev": {
                "chuyskywalker/rolling-curl": "^3.1",
                "php-yaoi/php-yaoi": "^1.0"
            },
            "type": "library",
            "extra": {
                "branch-alias": {
                    "dev-master": "1.2-dev"
                }
            },
            "autoload": {
                "psr-0": {
                    "Behat\\Transliterator": "src/"
                }
            },
            "notification-url": "https://packagist.org/downloads/",
            "license": [
                "Artistic-1.0"
            ],
            "description": "String transliterator",
            "keywords": [
                "i18n",
                "slug",
                "transliterator"
            ],
            "time": "2017-04-04T11:38:05+00:00"
        },
        {
            "name": "container-interop/container-interop",
            "version": "1.2.0",
            "source": {
                "type": "git",
                "url": "https://github.com/container-interop/container-interop.git",
                "reference": "79cbf1341c22ec75643d841642dd5d6acd83bdb8"
            },
            "dist": {
                "type": "zip",
                "url": "https://api.github.com/repos/container-interop/container-interop/zipball/79cbf1341c22ec75643d841642dd5d6acd83bdb8",
                "reference": "79cbf1341c22ec75643d841642dd5d6acd83bdb8",
                "shasum": ""
            },
            "require": {
                "psr/container": "^1.0"
            },
            "type": "library",
            "autoload": {
                "psr-4": {
                    "Interop\\Container\\": "src/Interop/Container/"
                }
            },
            "notification-url": "https://packagist.org/downloads/",
            "license": [
                "MIT"
            ],
            "description": "Promoting the interoperability of container objects (DIC, SL, etc.)",
            "homepage": "https://github.com/container-interop/container-interop",
            "time": "2017-02-14T19:40:03+00:00"
        },
        {
            "name": "psr/container",
            "version": "1.0.0",
            "source": {
                "type": "git",
                "url": "https://github.com/php-fig/container.git",
                "reference": "b7ce3b176482dbbc1245ebf52b181af44c2cf55f"
            },
            "dist": {
                "type": "zip",
                "url": "https://api.github.com/repos/php-fig/container/zipball/b7ce3b176482dbbc1245ebf52b181af44c2cf55f",
                "reference": "b7ce3b176482dbbc1245ebf52b181af44c2cf55f",
                "shasum": ""
            },
            "require": {
                "php": ">=5.3.0"
            },
            "type": "library",
            "extra": {
                "branch-alias": {
                    "dev-master": "1.0.x-dev"
                }
            },
            "autoload": {
                "psr-4": {
                    "Psr\\Container\\": "src/"
                }
            },
            "notification-url": "https://packagist.org/downloads/",
            "license": [
                "MIT"
            ],
            "authors": [
                {
                    "name": "PHP-FIG",
                    "homepage": "http://www.php-fig.org/"
                }
            ],
            "description": "Common Container Interface (PHP FIG PSR-11)",
            "homepage": "https://github.com/php-fig/container",
            "keywords": [
                "PSR-11",
                "container",
                "container-interface",
                "container-interop",
                "psr"
            ],
            "time": "2017-02-14T16:28:37+00:00"
        },
        {
            "name": "psr/log",
            "version": "1.0.2",
            "source": {
                "type": "git",
                "url": "https://github.com/php-fig/log.git",
                "reference": "4ebe3a8bf773a19edfe0a84b6585ba3d401b724d"
            },
            "dist": {
                "type": "zip",
                "url": "https://api.github.com/repos/php-fig/log/zipball/4ebe3a8bf773a19edfe0a84b6585ba3d401b724d",
                "reference": "4ebe3a8bf773a19edfe0a84b6585ba3d401b724d",
                "shasum": ""
            },
            "require": {
                "php": ">=5.3.0"
            },
            "type": "library",
            "extra": {
                "branch-alias": {
                    "dev-master": "1.0.x-dev"
                }
            },
            "autoload": {
                "psr-4": {
                    "Psr\\Log\\": "Psr/Log/"
                }
            },
            "notification-url": "https://packagist.org/downloads/",
            "license": [
                "MIT"
            ],
            "authors": [
                {
                    "name": "PHP-FIG",
                    "homepage": "http://www.php-fig.org/"
                }
            ],
            "description": "Common interface for logging libraries",
            "homepage": "https://github.com/php-fig/log",
            "keywords": [
                "log",
                "psr",
                "psr-3"
            ],
            "time": "2016-10-10T12:19:37+00:00"
        },
        {
            "name": "symfony/class-loader",
            "version": "v3.3.2",
            "source": {
                "type": "git",
                "url": "https://github.com/symfony/class-loader.git",
                "reference": "386a294d621576302e7cc36965d6ed53b8c73c4f"
            },
            "dist": {
                "type": "zip",
                "url": "https://api.github.com/repos/symfony/class-loader/zipball/386a294d621576302e7cc36965d6ed53b8c73c4f",
                "reference": "386a294d621576302e7cc36965d6ed53b8c73c4f",
                "shasum": ""
            },
            "require": {
                "php": ">=5.5.9"
            },
            "require-dev": {
                "symfony/finder": "~2.8|~3.0",
                "symfony/polyfill-apcu": "~1.1"
            },
            "suggest": {
                "symfony/polyfill-apcu": "For using ApcClassLoader on HHVM"
            },
            "type": "library",
            "extra": {
                "branch-alias": {
                    "dev-master": "3.3-dev"
                }
            },
            "autoload": {
                "psr-4": {
                    "Symfony\\Component\\ClassLoader\\": ""
                },
                "exclude-from-classmap": [
                    "/Tests/"
                ]
            },
            "notification-url": "https://packagist.org/downloads/",
            "license": [
                "MIT"
            ],
            "authors": [
                {
                    "name": "Fabien Potencier",
                    "email": "fabien@symfony.com"
                },
                {
                    "name": "Symfony Community",
                    "homepage": "https://symfony.com/contributors"
                }
            ],
            "description": "Symfony ClassLoader Component",
            "homepage": "https://symfony.com",
            "time": "2017-06-02T09:51:43+00:00"
        },
        {
            "name": "symfony/config",
            "version": "v3.3.2",
            "source": {
                "type": "git",
                "url": "https://github.com/symfony/config.git",
                "reference": "35716d4904e0506a7a5a9bcf23f854aeb5719bca"
            },
            "dist": {
                "type": "zip",
                "url": "https://api.github.com/repos/symfony/config/zipball/35716d4904e0506a7a5a9bcf23f854aeb5719bca",
                "reference": "35716d4904e0506a7a5a9bcf23f854aeb5719bca",
                "shasum": ""
            },
            "require": {
                "php": ">=5.5.9",
                "symfony/filesystem": "~2.8|~3.0"
            },
            "conflict": {
                "symfony/dependency-injection": "<3.3"
            },
            "require-dev": {
                "symfony/dependency-injection": "~3.3",
                "symfony/yaml": "~3.0"
            },
            "suggest": {
                "symfony/yaml": "To use the yaml reference dumper"
            },
            "type": "library",
            "extra": {
                "branch-alias": {
                    "dev-master": "3.3-dev"
                }
            },
            "autoload": {
                "psr-4": {
                    "Symfony\\Component\\Config\\": ""
                },
                "exclude-from-classmap": [
                    "/Tests/"
                ]
            },
            "notification-url": "https://packagist.org/downloads/",
            "license": [
                "MIT"
            ],
            "authors": [
                {
                    "name": "Fabien Potencier",
                    "email": "fabien@symfony.com"
                },
                {
                    "name": "Symfony Community",
                    "homepage": "https://symfony.com/contributors"
                }
            ],
            "description": "Symfony Config Component",
            "homepage": "https://symfony.com",
            "time": "2017-06-02T18:07:20+00:00"
        },
        {
            "name": "symfony/console",
            "version": "v3.3.2",
            "source": {
                "type": "git",
                "url": "https://github.com/symfony/console.git",
                "reference": "70d2a29b2911cbdc91a7e268046c395278238b2e"
            },
            "dist": {
                "type": "zip",
                "url": "https://api.github.com/repos/symfony/console/zipball/70d2a29b2911cbdc91a7e268046c395278238b2e",
                "reference": "70d2a29b2911cbdc91a7e268046c395278238b2e",
                "shasum": ""
            },
            "require": {
                "php": ">=5.5.9",
                "symfony/debug": "~2.8|~3.0",
                "symfony/polyfill-mbstring": "~1.0"
            },
            "conflict": {
                "symfony/dependency-injection": "<3.3"
            },
            "require-dev": {
                "psr/log": "~1.0",
                "symfony/config": "~3.3",
                "symfony/dependency-injection": "~3.3",
                "symfony/event-dispatcher": "~2.8|~3.0",
                "symfony/filesystem": "~2.8|~3.0",
                "symfony/http-kernel": "~2.8|~3.0",
                "symfony/process": "~2.8|~3.0"
            },
            "suggest": {
                "psr/log": "For using the console logger",
                "symfony/event-dispatcher": "",
                "symfony/filesystem": "",
                "symfony/process": ""
            },
            "type": "library",
            "extra": {
                "branch-alias": {
                    "dev-master": "3.3-dev"
                }
            },
            "autoload": {
                "psr-4": {
                    "Symfony\\Component\\Console\\": ""
                },
                "exclude-from-classmap": [
                    "/Tests/"
                ]
            },
            "notification-url": "https://packagist.org/downloads/",
            "license": [
                "MIT"
            ],
            "authors": [
                {
                    "name": "Fabien Potencier",
                    "email": "fabien@symfony.com"
                },
                {
                    "name": "Symfony Community",
                    "homepage": "https://symfony.com/contributors"
                }
            ],
            "description": "Symfony Console Component",
            "homepage": "https://symfony.com",
            "time": "2017-06-02T19:24:58+00:00"
        },
        {
            "name": "symfony/debug",
            "version": "v3.3.2",
            "source": {
                "type": "git",
                "url": "https://github.com/symfony/debug.git",
                "reference": "e9c50482841ef696e8fa1470d950a79c8921f45d"
            },
            "dist": {
                "type": "zip",
                "url": "https://api.github.com/repos/symfony/debug/zipball/e9c50482841ef696e8fa1470d950a79c8921f45d",
                "reference": "e9c50482841ef696e8fa1470d950a79c8921f45d",
                "shasum": ""
            },
            "require": {
                "php": ">=5.5.9",
                "psr/log": "~1.0"
            },
            "conflict": {
                "symfony/http-kernel": ">=2.3,<2.3.24|~2.4.0|>=2.5,<2.5.9|>=2.6,<2.6.2"
            },
            "require-dev": {
                "symfony/http-kernel": "~2.8|~3.0"
            },
            "type": "library",
            "extra": {
                "branch-alias": {
                    "dev-master": "3.3-dev"
                }
            },
            "autoload": {
                "psr-4": {
                    "Symfony\\Component\\Debug\\": ""
                },
                "exclude-from-classmap": [
                    "/Tests/"
                ]
            },
            "notification-url": "https://packagist.org/downloads/",
            "license": [
                "MIT"
            ],
            "authors": [
                {
                    "name": "Fabien Potencier",
                    "email": "fabien@symfony.com"
                },
                {
                    "name": "Symfony Community",
                    "homepage": "https://symfony.com/contributors"
                }
            ],
            "description": "Symfony Debug Component",
            "homepage": "https://symfony.com",
            "time": "2017-06-01T21:01:25+00:00"
        },
        {
            "name": "symfony/dependency-injection",
            "version": "v3.3.2",
            "source": {
                "type": "git",
                "url": "https://github.com/symfony/dependency-injection.git",
                "reference": "4cec19ec1d25f22e1ec8ab14635d3879a1287053"
            },
            "dist": {
                "type": "zip",
                "url": "https://api.github.com/repos/symfony/dependency-injection/zipball/4cec19ec1d25f22e1ec8ab14635d3879a1287053",
                "reference": "4cec19ec1d25f22e1ec8ab14635d3879a1287053",
                "shasum": ""
            },
            "require": {
                "php": ">=5.5.9",
                "psr/container": "^1.0"
            },
            "conflict": {
                "symfony/config": "<3.3.1",
                "symfony/finder": "<3.3",
                "symfony/yaml": "<3.3"
            },
            "provide": {
                "psr/container-implementation": "1.0"
            },
            "require-dev": {
                "symfony/config": "~3.3",
                "symfony/expression-language": "~2.8|~3.0",
                "symfony/yaml": "~3.3"
            },
            "suggest": {
                "symfony/config": "",
                "symfony/expression-language": "For using expressions in service container configuration",
                "symfony/finder": "For using double-star glob patterns or when GLOB_BRACE portability is required",
                "symfony/proxy-manager-bridge": "Generate service proxies to lazy load them",
                "symfony/yaml": ""
            },
            "type": "library",
            "extra": {
                "branch-alias": {
                    "dev-master": "3.3-dev"
                }
            },
            "autoload": {
                "psr-4": {
                    "Symfony\\Component\\DependencyInjection\\": ""
                },
                "exclude-from-classmap": [
                    "/Tests/"
                ]
            },
            "notification-url": "https://packagist.org/downloads/",
            "license": [
                "MIT"
            ],
            "authors": [
                {
                    "name": "Fabien Potencier",
                    "email": "fabien@symfony.com"
                },
                {
                    "name": "Symfony Community",
                    "homepage": "https://symfony.com/contributors"
                }
            ],
            "description": "Symfony DependencyInjection Component",
            "homepage": "https://symfony.com",
            "time": "2017-06-06T03:13:52+00:00"
        },
        {
            "name": "symfony/event-dispatcher",
            "version": "v3.3.2",
            "source": {
                "type": "git",
                "url": "https://github.com/symfony/event-dispatcher.git",
                "reference": "4054a102470665451108f9b59305c79176ef98f0"
            },
            "dist": {
                "type": "zip",
                "url": "https://api.github.com/repos/symfony/event-dispatcher/zipball/4054a102470665451108f9b59305c79176ef98f0",
                "reference": "4054a102470665451108f9b59305c79176ef98f0",
                "shasum": ""
            },
            "require": {
                "php": ">=5.5.9"
            },
            "conflict": {
                "symfony/dependency-injection": "<3.3"
            },
            "require-dev": {
                "psr/log": "~1.0",
                "symfony/config": "~2.8|~3.0",
                "symfony/dependency-injection": "~3.3",
                "symfony/expression-language": "~2.8|~3.0",
                "symfony/stopwatch": "~2.8|~3.0"
            },
            "suggest": {
                "symfony/dependency-injection": "",
                "symfony/http-kernel": ""
            },
            "type": "library",
            "extra": {
                "branch-alias": {
                    "dev-master": "3.3-dev"
                }
            },
            "autoload": {
                "psr-4": {
                    "Symfony\\Component\\EventDispatcher\\": ""
                },
                "exclude-from-classmap": [
                    "/Tests/"
                ]
            },
            "notification-url": "https://packagist.org/downloads/",
            "license": [
                "MIT"
            ],
            "authors": [
                {
                    "name": "Fabien Potencier",
                    "email": "fabien@symfony.com"
                },
                {
                    "name": "Symfony Community",
                    "homepage": "https://symfony.com/contributors"
                }
            ],
            "description": "Symfony EventDispatcher Component",
            "homepage": "https://symfony.com",
            "time": "2017-06-04T18:15:29+00:00"
        },
        {
            "name": "symfony/filesystem",
            "version": "v3.3.2",
            "source": {
                "type": "git",
                "url": "https://github.com/symfony/filesystem.git",
                "reference": "c709670bf64721202ddbe4162846f250735842c0"
            },
            "dist": {
                "type": "zip",
                "url": "https://api.github.com/repos/symfony/filesystem/zipball/c709670bf64721202ddbe4162846f250735842c0",
                "reference": "c709670bf64721202ddbe4162846f250735842c0",
                "shasum": ""
            },
            "require": {
                "php": ">=5.5.9"
            },
            "type": "library",
            "extra": {
                "branch-alias": {
                    "dev-master": "3.3-dev"
                }
            },
            "autoload": {
                "psr-4": {
                    "Symfony\\Component\\Filesystem\\": ""
                },
                "exclude-from-classmap": [
                    "/Tests/"
                ]
            },
            "notification-url": "https://packagist.org/downloads/",
            "license": [
                "MIT"
            ],
            "authors": [
                {
                    "name": "Fabien Potencier",
                    "email": "fabien@symfony.com"
                },
                {
                    "name": "Symfony Community",
                    "homepage": "https://symfony.com/contributors"
                }
            ],
            "description": "Symfony Filesystem Component",
            "homepage": "https://symfony.com",
            "time": "2017-05-28T14:08:56+00:00"
        },
        {
            "name": "symfony/polyfill-mbstring",
            "version": "v1.3.0",
            "source": {
                "type": "git",
                "url": "https://github.com/symfony/polyfill-mbstring.git",
                "reference": "e79d363049d1c2128f133a2667e4f4190904f7f4"
            },
            "dist": {
                "type": "zip",
                "url": "https://api.github.com/repos/symfony/polyfill-mbstring/zipball/e79d363049d1c2128f133a2667e4f4190904f7f4",
                "reference": "e79d363049d1c2128f133a2667e4f4190904f7f4",
                "shasum": ""
            },
            "require": {
                "php": ">=5.3.3"
            },
            "suggest": {
                "ext-mbstring": "For best performance"
            },
            "type": "library",
            "extra": {
                "branch-alias": {
                    "dev-master": "1.3-dev"
                }
            },
            "autoload": {
                "psr-4": {
                    "Symfony\\Polyfill\\Mbstring\\": ""
                },
                "files": [
                    "bootstrap.php"
                ]
            },
            "notification-url": "https://packagist.org/downloads/",
            "license": [
                "MIT"
            ],
            "authors": [
                {
                    "name": "Nicolas Grekas",
                    "email": "p@tchwork.com"
                },
                {
                    "name": "Symfony Community",
                    "homepage": "https://symfony.com/contributors"
                }
            ],
            "description": "Symfony polyfill for the Mbstring extension",
            "homepage": "https://symfony.com",
            "keywords": [
                "compatibility",
                "mbstring",
                "polyfill",
                "portable",
                "shim"
            ],
            "time": "2016-11-14T01:06:16+00:00"
        },
        {
            "name": "symfony/translation",
            "version": "v3.3.2",
            "source": {
                "type": "git",
                "url": "https://github.com/symfony/translation.git",
                "reference": "dc3b2a0c6cfff60327ba1c043a82092735397543"
            },
            "dist": {
                "type": "zip",
                "url": "https://api.github.com/repos/symfony/translation/zipball/dc3b2a0c6cfff60327ba1c043a82092735397543",
                "reference": "dc3b2a0c6cfff60327ba1c043a82092735397543",
                "shasum": ""
            },
            "require": {
                "php": ">=5.5.9",
                "symfony/polyfill-mbstring": "~1.0"
            },
            "conflict": {
                "symfony/config": "<2.8",
                "symfony/yaml": "<3.3"
            },
            "require-dev": {
                "psr/log": "~1.0",
                "symfony/config": "~2.8|~3.0",
                "symfony/intl": "^2.8.18|^3.2.5",
                "symfony/yaml": "~3.3"
            },
            "suggest": {
                "psr/log": "To use logging capability in translator",
                "symfony/config": "",
                "symfony/yaml": ""
            },
            "type": "library",
            "extra": {
                "branch-alias": {
                    "dev-master": "3.3-dev"
                }
            },
            "autoload": {
                "psr-4": {
                    "Symfony\\Component\\Translation\\": ""
                },
                "exclude-from-classmap": [
                    "/Tests/"
                ]
            },
            "notification-url": "https://packagist.org/downloads/",
            "license": [
                "MIT"
            ],
            "authors": [
                {
                    "name": "Fabien Potencier",
                    "email": "fabien@symfony.com"
                },
                {
                    "name": "Symfony Community",
                    "homepage": "https://symfony.com/contributors"
                }
            ],
            "description": "Symfony Translation Component",
            "homepage": "https://symfony.com",
            "time": "2017-05-22T07:42:36+00:00"
        },
        {
            "name": "symfony/yaml",
            "version": "v3.3.2",
            "source": {
                "type": "git",
                "url": "https://github.com/symfony/yaml.git",
                "reference": "9752a30000a8ca9f4b34b5227d15d0101b96b063"
            },
            "dist": {
                "type": "zip",
                "url": "https://api.github.com/repos/symfony/yaml/zipball/9752a30000a8ca9f4b34b5227d15d0101b96b063",
                "reference": "9752a30000a8ca9f4b34b5227d15d0101b96b063",
                "shasum": ""
            },
            "require": {
                "php": ">=5.5.9"
            },
            "require-dev": {
                "symfony/console": "~2.8|~3.0"
            },
            "suggest": {
                "symfony/console": "For validating YAML files using the lint command"
            },
            "type": "library",
            "extra": {
                "branch-alias": {
                    "dev-master": "3.3-dev"
                }
            },
            "autoload": {
                "psr-4": {
                    "Symfony\\Component\\Yaml\\": ""
                },
                "exclude-from-classmap": [
                    "/Tests/"
                ]
            },
            "notification-url": "https://packagist.org/downloads/",
            "license": [
                "MIT"
            ],
            "authors": [
                {
                    "name": "Fabien Potencier",
                    "email": "fabien@symfony.com"
                },
                {
                    "name": "Symfony Community",
                    "homepage": "https://symfony.com/contributors"
                }
            ],
            "description": "Symfony Yaml Component",
            "homepage": "https://symfony.com",
            "time": "2017-06-02T22:05:06+00:00"
        }
    ],
    "aliases": [],
    "minimum-stability": "stable",
    "stability-flags": [],
    "prefer-stable": false,
    "prefer-lowest": false,
    "platform": [],
    "platform-dev": []
}
